
Microsoft Visual Studio Solution File, Format Version 12.00
# Visual Studio Version 17
VisualStudioVersion = 17.14.36202.13 d17.14
MinimumVisualStudioVersion = 10.0.40219.1
Project("{FAE04EC0-301F-11D3-BF4B-00C04F79EFBC}") = "BOGOMATCH", "BOGOMATCH\BOGOMATCH.csproj", "{F8F7A4B3-DF95-40B2-8861-9B351710B09B}"
EndProject
Project("{2150E333-8FDC-42A3-9474-1A3956D46DE8}") = "BOGOMATCH_API", "BOGOMATCH_API", "{02EA681E-C7D8-13C7-8484-4AC65E1B71E8}"
EndProject
Project("{2150E333-8FDC-42A3-9474-1A3956D46DE8}") = "BOGOMATCH_DOMAIN", "BOGOMATCH_DOMAIN", "{258CA7E0-2770-46D3-BA75-EABA97A36929}"
EndProject
Project("{2150E333-8FDC-42A3-9474-1A3956D46DE8}") = "BOGOMATCH_INFRASTRUCTURE", "BOGOMATCH_INFRASTRUCTURE", "{32D35824-4426-45EF-B269-509918A29DEB}"
EndProject
Project("{2150E333-8FDC-42A3-9474-1A3956D46DE8}") = "BOGOMATCH_IoC", "BOGOMATCH_IoC", "{7978BC90-914E-4D4D-ADB1-B42D0AD5A7A0}"
EndProject
Project("{2150E333-8FDC-42A3-9474-1A3956D46DE8}") = "BOGOMATCH_UNITTEST", "BOGOMATCH_UNITTEST", "{9E709318-50EA-42B6-BDF3-2C4530AB9F81}"
EndProject
Project("{FAE04EC0-301F-11D3-BF4B-00C04F79EFBC}") = "BOGOMATCH_DOMAIN", "BOGOGMATCH_DOMAIN\BOGOMATCH_DOMAIN.csproj", "{76435AFC-70E3-4CC1-9203-24AD0F29E90B}"
EndProject
Project("{FAE04EC0-301F-11D3-BF4B-00C04F79EFBC}") = "BOGOMATCH_IoC", "BOGOMATCH_IoC\BOGOMATCH_IoC.csproj", "{77B3742A-2D6F-4DA7-BE78-D4E46CFDF329}"
EndProject
Project("{FAE04EC0-301F-11D3-BF4B-00C04F79EFBC}") = "BOGOMATCH_INFRASTRUCTURE", "BOGOMATCH_INFRASTRUCTURE\BOGOMATCH_INFRASTRUCTURE.csproj", "{6FB218C9-F51F-4F8E-90BE-4E21D1DE864C}"
EndProject
Project("{FAE04EC0-301F-11D3-BF4B-00C04F79EFBC}") = "BOGOMATCH_UNITTEST", "BOGOMATCH_UNITTEST\BOGOMATCH_UNITTEST.csproj", "{2F38596F-5311-4402-BEB2-08B83521CD27}"
EndProject
Global
	GlobalSection(SolutionConfigurationPlatforms) = preSolution
		Debug|Any CPU = Debug|Any CPU
		Release|Any CPU = Release|Any CPU
	EndGlobalSection
	GlobalSection(ProjectConfigurationPlatforms) = postSolution
		{F8F7A4B3-DF95-40B2-8861-9B351710B09B}.Debug|Any CPU.ActiveCfg = Debug|Any CPU
		{F8F7A4B3-DF95-40B2-8861-9B351710B09B}.Debug|Any CPU.Build.0 = Debug|Any CPU
		{F8F7A4B3-DF95-40B2-8861-9B351710B09B}.Release|Any CPU.ActiveCfg = Release|Any CPU
		{F8F7A4B3-DF95-40B2-8861-9B351710B09B}.Release|Any CPU.Build.0 = Release|Any CPU
		{76435AFC-70E3-4CC1-9203-24AD0F29E90B}.Debug|Any CPU.ActiveCfg = Debug|Any CPU
		{76435AFC-70E3-4CC1-9203-24AD0F29E90B}.Debug|Any CPU.Build.0 = Debug|Any CPU
		{76435AFC-70E3-4CC1-9203-24AD0F29E90B}.Release|Any CPU.ActiveCfg = Release|Any CPU
		{76435AFC-70E3-4CC1-9203-24AD0F29E90B}.Release|Any CPU.Build.0 = Release|Any CPU
		{77B3742A-2D6F-4DA7-BE78-D4E46CFDF329}.Debug|Any CPU.ActiveCfg = Debug|Any CPU
		{77B3742A-2D6F-4DA7-BE78-D4E46CFDF329}.Debug|Any CPU.Build.0 = Debug|Any CPU
		{77B3742A-2D6F-4DA7-BE78-D4E46CFDF329}.Release|Any CPU.ActiveCfg = Release|Any CPU
		{77B3742A-2D6F-4DA7-BE78-D4E46CFDF329}.Release|Any CPU.Build.0 = Release|Any CPU
		{6FB218C9-F51F-4F8E-90BE-4E21D1DE864C}.Debug|Any CPU.ActiveCfg = Debug|Any CPU
		{6FB218C9-F51F-4F8E-90BE-4E21D1DE864C}.Debug|Any CPU.Build.0 = Debug|Any CPU
		{6FB218C9-F51F-4F8E-90BE-4E21D1DE864C}.Release|Any CPU.ActiveCfg = Release|Any CPU
		{6FB218C9-F51F-4F8E-90BE-4E21D1DE864C}.Release|Any CPU.Build.0 = Release|Any CPU
		{2F38596F-5311-4402-BEB2-08B83521CD27}.Debug|Any CPU.ActiveCfg = Debug|Any CPU
		{2F38596F-5311-4402-BEB2-08B83521CD27}.Debug|Any CPU.Build.0 = Debug|Any CPU
		{2F38596F-5311-4402-BEB2-08B83521CD27}.Release|Any CPU.ActiveCfg = Release|Any CPU
		{2F38596F-5311-4402-BEB2-08B83521CD27}.Release|Any CPU.Build.0 = Release|Any CPU
	EndGlobalSection
	GlobalSection(SolutionProperties) = preSolution
		HideSolutionNode = FALSE
	EndGlobalSection
	GlobalSection(NestedProjects) = preSolution
		{F8F7A4B3-DF95-40B2-8861-9B351710B09B} = {02EA681E-C7D8-13C7-8484-4AC65E1B71E8}
		{76435AFC-70E3-4CC1-9203-24AD0F29E90B} = {258CA7E0-2770-46D3-BA75-EABA97A36929}
		{77B3742A-2D6F-4DA7-BE78-D4E46CFDF329} = {7978BC90-914E-4D4D-ADB1-B42D0AD5A7A0}
		{6FB218C9-F51F-4F8E-90BE-4E21D1DE864C} = {32D35824-4426-45EF-B269-509918A29DEB}
		{2F38596F-5311-4402-BEB2-08B83521CD27} = {9E709318-50EA-42B6-BDF3-2C4530AB9F81}
	EndGlobalSection
	GlobalSection(ExtensibilityGlobals) = postSolution
		SolutionGuid = {467300DD-0208-4D0E-AC2B-04DCB768334A}
	EndGlobalSection
EndGlobal
